// !$*UTF8*$!
{
	archiveVersion = 1;
	classes = {
	};
	objectVersion = 56;
	objects = {

/* Begin PBXBuildFile section */
		3F34B6A92B0388F80087229B /* iOSTestTests.swift in Sources */ = {isa = PBXBuildFile; fileRef = 3F34B6A82B0388F80087229B /* iOSTestTests.swift */; };
		3F3904832AF164B50037BC66 /* iOSTestApp.swift in Sources */ = {isa = PBXBuildFile; fileRef = 3F3904822AF164B50037BC66 /* iOSTestApp.swift */; };
		3F3904852AF164B50037BC66 /* ContentView.swift in Sources */ = {isa = PBXBuildFile; fileRef = 3F3904842AF164B50037BC66 /* ContentView.swift */; };
		3F3904872AF164B70037BC66 /* Assets.xcassets in Resources */ = {isa = PBXBuildFile; fileRef = 3F3904862AF164B70037BC66 /* Assets.xcassets */; };
		3F39048A2AF164B70037BC66 /* Preview Assets.xcassets in Resources */ = {isa = PBXBuildFile; fileRef = 3F3904892AF164B70037BC66 /* Preview Assets.xcassets */; };
		3F3904922AF165520037BC66 /* APIEndpoints.swift in Sources */ = {isa = PBXBuildFile; fileRef = 3F3904912AF165520037BC66 /* APIEndpoints.swift */; };
		3F3904942AF166060037BC66 /* APIError.swift in Sources */ = {isa = PBXBuildFile; fileRef = 3F3904932AF166060037BC66 /* APIError.swift */; };
		3F3904962AF167460037BC66 /* APIService.swift in Sources */ = {isa = PBXBuildFile; fileRef = 3F3904952AF167460037BC66 /* APIService.swift */; };
		3F3904992AF16A1E0037BC66 /* ContentListViewModel.swift in Sources */ = {isa = PBXBuildFile; fileRef = 3F3904982AF16A1E0037BC66 /* ContentListViewModel.swift */; };
		3F39049B2AF16D0D0037BC66 /* Property.swift in Sources */ = {isa = PBXBuildFile; fileRef = 3F39049A2AF16D0D0037BC66 /* Property.swift */; };
		3F3904A02AF179F80037BC66 /* Response.swift in Sources */ = {isa = PBXBuildFile; fileRef = 3F39049F2AF179F80037BC66 /* Response.swift */; };
		3F3904A22AF17A200037BC66 /* Feature.swift in Sources */ = {isa = PBXBuildFile; fileRef = 3F3904A12AF17A200037BC66 /* Feature.swift */; };
		3F4C0C972AFE6BDD0082534F /* AppCenterAnalytics in Frameworks */ = {isa = PBXBuildFile; productRef = 3F4C0C962AFE6BDD0082534F /* AppCenterAnalytics */; };
		3F4C0C992AFE6BDD0082534F /* AppCenterCrashes in Frameworks */ = {isa = PBXBuildFile; productRef = 3F4C0C982AFE6BDD0082534F /* AppCenterCrashes */; };
		3F4C0C9B2AFE6BDD0082534F /* AppCenterDistribute in Frameworks */ = {isa = PBXBuildFile; productRef = 3F4C0C9A2AFE6BDD0082534F /* AppCenterDistribute */; };
		3F4C0C9D2AFE6C820082534F /* AppDelegate.swift in Sources */ = {isa = PBXBuildFile; fileRef = 3F4C0C9C2AFE6C820082534F /* AppDelegate.swift */; };
/* End PBXBuildFile section */

/* Begin PBXContainerItemProxy section */
		3F34B6AA2B0388F80087229B /* PBXContainerItemProxy */ = {
			isa = PBXContainerItemProxy;
			containerPortal = 3F3904772AF164B50037BC66 /* Project object */;
			proxyType = 1;
			remoteGlobalIDString = 3F39047E2AF164B50037BC66;
			remoteInfo = iOSTest;
		};
/* End PBXContainerItemProxy section */

/* Begin PBXFileReference section */
		3F34B6A62B0388F80087229B /* iOSTestTests.xctest */ = {isa = PBXFileReference; explicitFileType = wrapper.cfbundle; includeInIndex = 0; path = iOSTestTests.xctest; sourceTree = BUILT_PRODUCTS_DIR; };
		3F34B6A82B0388F80087229B /* iOSTestTests.swift */ = {isa = PBXFileReference; lastKnownFileType = sourcecode.swift; path = iOSTestTests.swift; sourceTree = "<group>"; };
		3F39047F2AF164B50037BC66 /* iOSTest.app */ = {isa = PBXFileReference; explicitFileType = wrapper.application; includeInIndex = 0; path = iOSTest.app; sourceTree = BUILT_PRODUCTS_DIR; };
		3F3904822AF164B50037BC66 /* iOSTestApp.swift */ = {isa = PBXFileReference; lastKnownFileType = sourcecode.swift; path = iOSTestApp.swift; sourceTree = "<group>"; };
		3F3904842AF164B50037BC66 /* ContentView.swift */ = {isa = PBXFileReference; lastKnownFileType = sourcecode.swift; path = ContentView.swift; sourceTree = "<group>"; };
		3F3904862AF164B70037BC66 /* Assets.xcassets */ = {isa = PBXFileReference; lastKnownFileType = folder.assetcatalog; path = Assets.xcassets; sourceTree = "<group>"; };
		3F3904892AF164B70037BC66 /* Preview Assets.xcassets */ = {isa = PBXFileReference; lastKnownFileType = folder.assetcatalog; path = "Preview Assets.xcassets"; sourceTree = "<group>"; };
		3F3904912AF165520037BC66 /* APIEndpoints.swift */ = {isa = PBXFileReference; lastKnownFileType = sourcecode.swift; path = APIEndpoints.swift; sourceTree = "<group>"; };
		3F3904932AF166060037BC66 /* APIError.swift */ = {isa = PBXFileReference; lastKnownFileType = sourcecode.swift; path = APIError.swift; sourceTree = "<group>"; };
		3F3904952AF167460037BC66 /* APIService.swift */ = {isa = PBXFileReference; lastKnownFileType = sourcecode.swift; path = APIService.swift; sourceTree = "<group>"; };
		3F3904982AF16A1E0037BC66 /* ContentListViewModel.swift */ = {isa = PBXFileReference; lastKnownFileType = sourcecode.swift; path = ContentListViewModel.swift; sourceTree = "<group>"; };
		3F39049A2AF16D0D0037BC66 /* Property.swift */ = {isa = PBXFileReference; lastKnownFileType = sourcecode.swift; path = Property.swift; sourceTree = "<group>"; };
		3F39049F2AF179F80037BC66 /* Response.swift */ = {isa = PBXFileReference; lastKnownFileType = sourcecode.swift; path = Response.swift; sourceTree = "<group>"; };
		3F3904A12AF17A200037BC66 /* Feature.swift */ = {isa = PBXFileReference; lastKnownFileType = sourcecode.swift; path = Feature.swift; sourceTree = "<group>"; };
		3F4C0C9C2AFE6C820082534F /* AppDelegate.swift */ = {isa = PBXFileReference; lastKnownFileType = sourcecode.swift; path = AppDelegate.swift; sourceTree = "<group>"; };
		3F4C0C9E2AFE7EE60082534F /* Info.plist */ = {isa = PBXFileReference; lastKnownFileType = text.plist; path = Info.plist; sourceTree = "<group>"; };
/* End PBXFileReference section */

/* Begin PBXFrameworksBuildPhase section */
		3F34B6A32B0388F80087229B /* Frameworks */ = {
			isa = PBXFrameworksBuildPhase;
			buildActionMask = 2147483647;
			files = (
			);
			runOnlyForDeploymentPostprocessing = 0;
		};
		3F39047C2AF164B50037BC66 /* Frameworks */ = {
			isa = PBXFrameworksBuildPhase;
			buildActionMask = 2147483647;
			files = (
				3F4C0C972AFE6BDD0082534F /* AppCenterAnalytics in Frameworks */,
				3F4C0C992AFE6BDD0082534F /* AppCenterCrashes in Frameworks */,
				3F4C0C9B2AFE6BDD0082534F /* AppCenterDistribute in Frameworks */,
			);
			runOnlyForDeploymentPostprocessing = 0;
		};
/* End PBXFrameworksBuildPhase section */

/* Begin PBXGroup section */
		3F34B6A72B0388F80087229B /* iOSTestTests */ = {
			isa = PBXGroup;
			children = (
				3F34B6A82B0388F80087229B /* iOSTestTests.swift */,
			);
			path = iOSTestTests;
			sourceTree = "<group>";
		};
		3F3904762AF164B50037BC66 = {
			isa = PBXGroup;
			children = (
				3F3904812AF164B50037BC66 /* iOSTest */,
				3F34B6A72B0388F80087229B /* iOSTestTests */,
				3F3904802AF164B50037BC66 /* Products */,
			);
			sourceTree = "<group>";
		};
		3F3904802AF164B50037BC66 /* Products */ = {
			isa = PBXGroup;
			children = (
				3F39047F2AF164B50037BC66 /* iOSTest.app */,
				3F34B6A62B0388F80087229B /* iOSTestTests.xctest */,
			);
			name = Products;
			sourceTree = "<group>";
		};
		3F3904812AF164B50037BC66 /* iOSTest */ = {
			isa = PBXGroup;
			children = (
				3F4C0C9E2AFE7EE60082534F /* Info.plist */,
				3F3904972AF169D50037BC66 /* Models */,
				3F3904902AF1653F0037BC66 /* Networking */,
				3F3904A32AF17CCC0037BC66 /* App */,
				3F39049E2AF179DE0037BC66 /* Screens */,
				3F3904A42AF17CF00037BC66 /* ViewModel */,
				3F3904862AF164B70037BC66 /* Assets.xcassets */,
				3F3904882AF164B70037BC66 /* Preview Content */,
			);
			path = iOSTest;
			sourceTree = "<group>";
		};
		3F3904882AF164B70037BC66 /* Preview Content */ = {
			isa = PBXGroup;
			children = (
				3F3904892AF164B70037BC66 /* Preview Assets.xcassets */,
			);
			path = "Preview Content";
			sourceTree = "<group>";
		};
		3F3904902AF1653F0037BC66 /* Networking */ = {
			isa = PBXGroup;
			children = (
				3F3904912AF165520037BC66 /* APIEndpoints.swift */,
				3F3904932AF166060037BC66 /* APIError.swift */,
				3F3904952AF167460037BC66 /* APIService.swift */,
			);
			path = Networking;
			sourceTree = "<group>";
		};
		3F3904972AF169D50037BC66 /* Models */ = {
			isa = PBXGroup;
			children = (
				3F39049F2AF179F80037BC66 /* Response.swift */,
				3F3904A12AF17A200037BC66 /* Feature.swift */,
				3F39049A2AF16D0D0037BC66 /* Property.swift */,
			);
			path = Models;
			sourceTree = "<group>";
		};
		3F39049E2AF179DE0037BC66 /* Screens */ = {
			isa = PBXGroup;
			children = (
				3F3904842AF164B50037BC66 /* ContentView.swift */,
			);
			path = Screens;
			sourceTree = "<group>";
		};
		3F3904A32AF17CCC0037BC66 /* App */ = {
			isa = PBXGroup;
			children = (
				3F3904822AF164B50037BC66 /* iOSTestApp.swift */,
				3F4C0C9C2AFE6C820082534F /* AppDelegate.swift */,
			);
			path = App;
			sourceTree = "<group>";
		};
		3F3904A42AF17CF00037BC66 /* ViewModel */ = {
			isa = PBXGroup;
			children = (
				3F3904982AF16A1E0037BC66 /* ContentListViewModel.swift */,
			);
			path = ViewModel;
			sourceTree = "<group>";
		};
/* End PBXGroup section */

/* Begin PBXNativeTarget section */
		3F34B6A52B0388F80087229B /* iOSTestTests */ = {
			isa = PBXNativeTarget;
			buildConfigurationList = 3F34B6AE2B0388F80087229B /* Build configuration list for PBXNativeTarget "iOSTestTests" */;
			buildPhases = (
				3F34B6A22B0388F80087229B /* Sources */,
				3F34B6A32B0388F80087229B /* Frameworks */,
				3F34B6A42B0388F80087229B /* Resources */,
			);
			buildRules = (
			);
			dependencies = (
				3F34B6AB2B0388F80087229B /* PBXTargetDependency */,
			);
			name = iOSTestTests;
			productName = iOSTestTests;
			productReference = 3F34B6A62B0388F80087229B /* iOSTestTests.xctest */;
			productType = "com.apple.product-type.bundle.unit-test";
		};
		3F39047E2AF164B50037BC66 /* iOSTest */ = {
			isa = PBXNativeTarget;
			buildConfigurationList = 3F39048D2AF164B70037BC66 /* Build configuration list for PBXNativeTarget "iOSTest" */;
			buildPhases = (
				3F39047B2AF164B50037BC66 /* Sources */,
				3F39047C2AF164B50037BC66 /* Frameworks */,
				3F39047D2AF164B50037BC66 /* Resources */,
			);
			buildRules = (
			);
			dependencies = (
			);
			name = iOSTest;
			packageProductDependencies = (
				3F4C0C962AFE6BDD0082534F /* AppCenterAnalytics */,
				3F4C0C982AFE6BDD0082534F /* AppCenterCrashes */,
				3F4C0C9A2AFE6BDD0082534F /* AppCenterDistribute */,
			);
			productName = iOSTest;
			productReference = 3F39047F2AF164B50037BC66 /* iOSTest.app */;
			productType = "com.apple.product-type.application";
		};
/* End PBXNativeTarget section */

/* Begin PBXProject section */
		3F3904772AF164B50037BC66 /* Project object */ = {
			isa = PBXProject;
			attributes = {
				BuildIndependentTargetsInParallel = 1;
				LastSwiftUpdateCheck = 1430;
				LastUpgradeCheck = 1430;
				TargetAttributes = {
					3F34B6A52B0388F80087229B = {
						CreatedOnToolsVersion = 14.3;
						TestTargetID = 3F39047E2AF164B50037BC66;
					};
					3F39047E2AF164B50037BC66 = {
						CreatedOnToolsVersion = 14.3;
					};
				};
			};
			buildConfigurationList = 3F39047A2AF164B50037BC66 /* Build configuration list for PBXProject "iOSTest" */;
			compatibilityVersion = "Xcode 14.0";
			developmentRegion = en;
			hasScannedForEncodings = 0;
			knownRegions = (
				en,
				Base,
			);
			mainGroup = 3F3904762AF164B50037BC66;
			packageReferences = (
				3F4C0C952AFE6BDD0082534F /* XCRemoteSwiftPackageReference "appcenter-sdk-apple" */,
			);
			productRefGroup = 3F3904802AF164B50037BC66 /* Products */;
			projectDirPath = "";
			projectRoot = "";
			targets = (
				3F39047E2AF164B50037BC66 /* iOSTest */,
				3F34B6A52B0388F80087229B /* iOSTestTests */,
			);
		};
/* End PBXProject section */

/* Begin PBXResourcesBuildPhase section */
		3F34B6A42B0388F80087229B /* Resources */ = {
			isa = PBXResourcesBuildPhase;
			buildActionMask = 2147483647;
			files = (
			);
			runOnlyForDeploymentPostprocessing = 0;
		};
		3F39047D2AF164B50037BC66 /* Resources */ = {
			isa = PBXResourcesBuildPhase;
			buildActionMask = 2147483647;
			files = (
				3F39048A2AF164B70037BC66 /* Preview Assets.xcassets in Resources */,
				3F3904872AF164B70037BC66 /* Assets.xcassets in Resources */,
			);
			runOnlyForDeploymentPostprocessing = 0;
		};
/* End PBXResourcesBuildPhase section */

/* Begin PBXSourcesBuildPhase section */
		3F34B6A22B0388F80087229B /* Sources */ = {
			isa = PBXSourcesBuildPhase;
			buildActionMask = 2147483647;
			files = (
				3F34B6A92B0388F80087229B /* iOSTestTests.swift in Sources */,
			);
			runOnlyForDeploymentPostprocessing = 0;
		};
		3F39047B2AF164B50037BC66 /* Sources */ = {
			isa = PBXSourcesBuildPhase;
			buildActionMask = 2147483647;
			files = (
				3F3904A02AF179F80037BC66 /* Response.swift in Sources */,
				3F39049B2AF16D0D0037BC66 /* Property.swift in Sources */,
				3F3904922AF165520037BC66 /* APIEndpoints.swift in Sources */,
				3F3904962AF167460037BC66 /* APIService.swift in Sources */,
				3F3904992AF16A1E0037BC66 /* ContentListViewModel.swift in Sources */,
				3F3904942AF166060037BC66 /* APIError.swift in Sources */,
				3F3904A22AF17A200037BC66 /* Feature.swift in Sources */,
				3F3904852AF164B50037BC66 /* ContentView.swift in Sources */,
				3F4C0C9D2AFE6C820082534F /* AppDelegate.swift in Sources */,
				3F3904832AF164B50037BC66 /* iOSTestApp.swift in Sources */,
			);
			runOnlyForDeploymentPostprocessing = 0;
		};
/* End PBXSourcesBuildPhase section */

/* Begin PBXTargetDependency section */
		3F34B6AB2B0388F80087229B /* PBXTargetDependency */ = {
			isa = PBXTargetDependency;
			target = 3F39047E2AF164B50037BC66 /* iOSTest */;
			targetProxy = 3F34B6AA2B0388F80087229B /* PBXContainerItemProxy */;
		};
/* End PBXTargetDependency section */

/* Begin XCBuildConfiguration section */
		3F34B6AC2B0388F80087229B /* Debug */ = {
			isa = XCBuildConfiguration;
			buildSettings = {
				BUNDLE_LOADER = "$(TEST_HOST)";
				CODE_SIGN_STYLE = Automatic;
				CURRENT_PROJECT_VERSION = 1;
				GENERATE_INFOPLIST_FILE = YES;
				MARKETING_VERSION = 1.0;
				PRODUCT_BUNDLE_IDENTIFIER = com.Viswa.iOSTestTests;
				PRODUCT_NAME = "$(TARGET_NAME)";
				SWIFT_EMIT_LOC_STRINGS = NO;
				SWIFT_VERSION = 5.0;
				TARGETED_DEVICE_FAMILY = "1,2";
				TEST_HOST = "$(BUILT_PRODUCTS_DIR)/iOSTest.app/$(BUNDLE_EXECUTABLE_FOLDER_PATH)/iOSTest";
			};
			name = Debug;
		};
		3F34B6AD2B0388F80087229B /* Release */ = {
			isa = XCBuildConfiguration;
			buildSettings = {
				BUNDLE_LOADER = "$(TEST_HOST)";
				CODE_SIGN_STYLE = Automatic;
				CURRENT_PROJECT_VERSION = 1;
				GENERATE_INFOPLIST_FILE = YES;
				MARKETING_VERSION = 1.0;
				PRODUCT_BUNDLE_IDENTIFIER = com.Viswa.iOSTestTests;
				PRODUCT_NAME = "$(TARGET_NAME)";
				SWIFT_EMIT_LOC_STRINGS = NO;
				SWIFT_VERSION = 5.0;
				TARGETED_DEVICE_FAMILY = "1,2";
				TEST_HOST = "$(BUILT_PRODUCTS_DIR)/iOSTest.app/$(BUNDLE_EXECUTABLE_FOLDER_PATH)/iOSTest";
			};
			name = Release;
		};
		3F39048B2AF164B70037BC66 /* Debug */ = {
			isa = XCBuildConfiguration;
			buildSettings = {
				ALWAYS_SEARCH_USER_PATHS = NO;
				CLANG_ANALYZER_NONNULL = YES;
				CLANG_ANALYZER_NUMBER_OBJECT_CONVERSION = YES_AGGRESSIVE;
				CLANG_CXX_LANGUAGE_STANDARD = "gnu++20";
				CLANG_ENABLE_MODULES = YES;
				CLANG_ENABLE_OBJC_ARC = YES;
				CLANG_ENABLE_OBJC_WEAK = YES;
				CLANG_WARN_BLOCK_CAPTURE_AUTORELEASING = YES;
				CLANG_WARN_BOOL_CONVERSION = YES;
				CLANG_WARN_COMMA = YES;
				CLANG_WARN_CONSTANT_CONVERSION = YES;
				CLANG_WARN_DEPRECATED_OBJC_IMPLEMENTATIONS = YES;
				CLANG_WARN_DIRECT_OBJC_ISA_USAGE = YES_ERROR;
				CLANG_WARN_DOCUMENTATION_COMMENTS = YES;
				CLANG_WARN_EMPTY_BODY = YES;
				CLANG_WARN_ENUM_CONVERSION = YES;
				CLANG_WARN_INFINITE_RECURSION = YES;
				CLANG_WARN_INT_CONVERSION = YES;
				CLANG_WARN_NON_LITERAL_NULL_CONVERSION = YES;
				CLANG_WARN_OBJC_IMPLICIT_RETAIN_SELF = YES;
				CLANG_WARN_OBJC_LITERAL_CONVERSION = YES;
				CLANG_WARN_OBJC_ROOT_CLASS = YES_ERROR;
				CLANG_WARN_QUOTED_INCLUDE_IN_FRAMEWORK_HEADER = YES;
				CLANG_WARN_RANGE_LOOP_ANALYSIS = YES;
				CLANG_WARN_STRICT_PROTOTYPES = YES;
				CLANG_WARN_SUSPICIOUS_MOVE = YES;
				CLANG_WARN_UNGUARDED_AVAILABILITY = YES_AGGRESSIVE;
				CLANG_WARN_UNREACHABLE_CODE = YES;
				CLANG_WARN__DUPLICATE_METHOD_MATCH = YES;
				COPY_PHASE_STRIP = NO;
				DEBUG_INFORMATION_FORMAT = dwarf;
				ENABLE_STRICT_OBJC_MSGSEND = YES;
				ENABLE_TESTABILITY = YES;
				GCC_C_LANGUAGE_STANDARD = gnu11;
				GCC_DYNAMIC_NO_PIC = NO;
				GCC_NO_COMMON_BLOCKS = YES;
				GCC_OPTIMIZATION_LEVEL = 0;
				GCC_PREPROCESSOR_DEFINITIONS = (
					"DEBUG=1",
					"$(inherited)",
				);
				GCC_WARN_64_TO_32_BIT_CONVERSION = YES;
				GCC_WARN_ABOUT_RETURN_TYPE = YES_ERROR;
				GCC_WARN_UNDECLARED_SELECTOR = YES;
				GCC_WARN_UNINITIALIZED_AUTOS = YES_AGGRESSIVE;
				GCC_WARN_UNUSED_FUNCTION = YES;
				GCC_WARN_UNUSED_VARIABLE = YES;
				IPHONEOS_DEPLOYMENT_TARGET = 16.4;
				MTL_ENABLE_DEBUG_INFO = INCLUDE_SOURCE;
				MTL_FAST_MATH = YES;
				ONLY_ACTIVE_ARCH = YES;
				SDKROOT = iphoneos;
				SWIFT_ACTIVE_COMPILATION_CONDITIONS = DEBUG;
				SWIFT_OPTIMIZATION_LEVEL = "-Onone";
			};
			name = Debug;
		};
		3F39048C2AF164B70037BC66 /* Release */ = {
			isa = XCBuildConfiguration;
			buildSettings = {
				ALWAYS_SEARCH_USER_PATHS = NO;
				CLANG_ANALYZER_NONNULL = YES;
				CLANG_ANALYZER_NUMBER_OBJECT_CONVERSION = YES_AGGRESSIVE;
				CLANG_CXX_LANGUAGE_STANDARD = "gnu++20";
				CLANG_ENABLE_MODULES = YES;
				CLANG_ENABLE_OBJC_ARC = YES;
				CLANG_ENABLE_OBJC_WEAK = YES;
				CLANG_WARN_BLOCK_CAPTURE_AUTORELEASING = YES;
				CLANG_WARN_BOOL_CONVERSION = YES;
				CLANG_WARN_COMMA = YES;
				CLANG_WARN_CONSTANT_CONVERSION = YES;
				CLANG_WARN_DEPRECATED_OBJC_IMPLEMENTATIONS = YES;
				CLANG_WARN_DIRECT_OBJC_ISA_USAGE = YES_ERROR;
				CLANG_WARN_DOCUMENTATION_COMMENTS = YES;
				CLANG_WARN_EMPTY_BODY = YES;
				CLANG_WARN_ENUM_CONVERSION = YES;
				CLANG_WARN_INFINITE_RECURSION = YES;
				CLANG_WARN_INT_CONVERSION = YES;
				CLANG_WARN_NON_LITERAL_NULL_CONVERSION = YES;
				CLANG_WARN_OBJC_IMPLICIT_RETAIN_SELF = YES;
				CLANG_WARN_OBJC_LITERAL_CONVERSION = YES;
				CLANG_WARN_OBJC_ROOT_CLASS = YES_ERROR;
				CLANG_WARN_QUOTED_INCLUDE_IN_FRAMEWORK_HEADER = YES;
				CLANG_WARN_RANGE_LOOP_ANALYSIS = YES;
				CLANG_WARN_STRICT_PROTOTYPES = YES;
				CLANG_WARN_SUSPICIOUS_MOVE = YES;
				CLANG_WARN_UNGUARDED_AVAILABILITY = YES_AGGRESSIVE;
				CLANG_WARN_UNREACHABLE_CODE = YES;
				CLANG_WARN__DUPLICATE_METHOD_MATCH = YES;
				COPY_PHASE_STRIP = NO;
				DEBUG_INFORMATION_FORMAT = "dwarf-with-dsym";
				ENABLE_NS_ASSERTIONS = NO;
				ENABLE_STRICT_OBJC_MSGSEND = YES;
				GCC_C_LANGUAGE_STANDARD = gnu11;
				GCC_NO_COMMON_BLOCKS = YES;
				GCC_WARN_64_TO_32_BIT_CONVERSION = YES;
				GCC_WARN_ABOUT_RETURN_TYPE = YES_ERROR;
				GCC_WARN_UNDECLARED_SELECTOR = YES;
				GCC_WARN_UNINITIALIZED_AUTOS = YES_AGGRESSIVE;
				GCC_WARN_UNUSED_FUNCTION = YES;
				GCC_WARN_UNUSED_VARIABLE = YES;
				IPHONEOS_DEPLOYMENT_TARGET = 16.4;
				MTL_ENABLE_DEBUG_INFO = NO;
				MTL_FAST_MATH = YES;
				SDKROOT = iphoneos;
				SWIFT_COMPILATION_MODE = wholemodule;
				SWIFT_OPTIMIZATION_LEVEL = "-O";
				VALIDATE_PRODUCT = YES;
			};
			name = Release;
		};
		3F39048E2AF164B70037BC66 /* Debug */ = {
			isa = XCBuildConfiguration;
			buildSettings = {
				ASSETCATALOG_COMPILER_APPICON_NAME = AppIcon;
				ASSETCATALOG_COMPILER_GLOBAL_ACCENT_COLOR_NAME = AccentColor;
				CODE_SIGN_STYLE = Automatic;
				CURRENT_PROJECT_VERSION = 1;
				DEVELOPMENT_ASSET_PATHS = "\"iOSTest/Preview Content\"";
				ENABLE_PREVIEWS = YES;
				GENERATE_INFOPLIST_FILE = YES;
				INFOPLIST_FILE = iOSTest/Info.plist;
				INFOPLIST_KEY_UIApplicationSceneManifest_Generation = YES;
				INFOPLIST_KEY_UIApplicationSupportsIndirectInputEvents = YES;
				INFOPLIST_KEY_UILaunchScreen_Generation = YES;
				INFOPLIST_KEY_UISupportedInterfaceOrientations_iPad = "UIInterfaceOrientationPortrait UIInterfaceOrientationPortraitUpsideDown UIInterfaceOrientationLandscapeLeft UIInterfaceOrientationLandscapeRight";
				INFOPLIST_KEY_UISupportedInterfaceOrientations_iPhone = "UIInterfaceOrientationPortrait UIInterfaceOrientationLandscapeLeft UIInterfaceOrientationLandscapeRight";
				LD_RUNPATH_SEARCH_PATHS = (
					"$(inherited)",
					"@executable_path/Frameworks",
				);
				MARKETING_VERSION = 1.0;
				PRODUCT_BUNDLE_IDENTIFIER = com.Viswa.iOSTest;
				PRODUCT_NAME = "$(TARGET_NAME)";
				SWIFT_EMIT_LOC_STRINGS = YES;
				SWIFT_VERSION = 5.0;
				TARGETED_DEVICE_FAMILY = "1,2";
			};
			name = Debug;
		};
		3F39048F2AF164B70037BC66 /* Release */ = {
			isa = XCBuildConfiguration;
			buildSettings = {
				ASSETCATALOG_COMPILER_APPICON_NAME = AppIcon;
				ASSETCATALOG_COMPILER_GLOBAL_ACCENT_COLOR_NAME = AccentColor;
				CODE_SIGN_STYLE = Automatic;
				CURRENT_PROJECT_VERSION = 1;
				DEVELOPMENT_ASSET_PATHS = "\"iOSTest/Preview Content\"";
				ENABLE_PREVIEWS = YES;
				GENERATE_INFOPLIST_FILE = YES;
				INFOPLIST_FILE = iOSTest/Info.plist;
				INFOPLIST_KEY_UIApplicationSceneManifest_Generation = YES;
				INFOPLIST_KEY_UIApplicationSupportsIndirectInputEvents = YES;
				INFOPLIST_KEY_UILaunchScreen_Generation = YES;
				INFOPLIST_KEY_UISupportedInterfaceOrientations_iPad = "UIInterfaceOrientationPortrait UIInterfaceOrientationPortraitUpsideDown UIInterfaceOrientationLandscapeLeft UIInterfaceOrientationLandscapeRight";
				INFOPLIST_KEY_UISupportedInterfaceOrientations_iPhone = "UIInterfaceOrientationPortrait UIInterfaceOrientationLandscapeLeft UIInterfaceOrientationLandscapeRight";
				LD_RUNPATH_SEARCH_PATHS = (
					"$(inherited)",
					"@executable_path/Frameworks",
				);
				MARKETING_VERSION = 1.0;
				PRODUCT_BUNDLE_IDENTIFIER = com.Viswa.iOSTest;
				PRODUCT_NAME = "$(TARGET_NAME)";
				SWIFT_EMIT_LOC_STRINGS = YES;
				SWIFT_VERSION = 5.0;
				TARGETED_DEVICE_FAMILY = "1,2";
			};
			name = Release;
		};
/* End XCBuildConfiguration section */

/* Begin XCConfigurationList section */
		3F34B6AE2B0388F80087229B /* Build configuration list for PBXNativeTarget "iOSTestTests" */ = {
			isa = XCConfigurationList;
			buildConfigurations = (
				3F34B6AC2B0388F80087229B /* Debug */,
				3F34B6AD2B0388F80087229B /* Release */,
			);
			defaultConfigurationIsVisible = 0;
			defaultConfigurationName = Release;
		};
		3F39047A2AF164B50037BC66 /* Build configuration list for PBXProject "iOSTest" */ = {
			isa = XCConfigurationList;
			buildConfigurations = (
				3F39048B2AF164B70037BC66 /* Debug */,
				3F39048C2AF164B70037BC66 /* Release */,
			);
			defaultConfigurationIsVisible = 0;
			defaultConfigurationName = Release;
		};
		3F39048D2AF164B70037BC66 /* Build configuration list for PBXNativeTarget "iOSTest" */ = {
			isa = XCConfigurationList;
			buildConfigurations = (
				3F39048E2AF164B70037BC66 /* Debug */,
				3F39048F2AF164B70037BC66 /* Release */,
			);
			defaultConfigurationIsVisible = 0;
			defaultConfigurationName = Release;
		};
/* End XCConfigurationList section */

/* Begin XCRemoteSwiftPackageReference section */
		3F4C0C952AFE6BDD0082534F /* XCRemoteSwiftPackageReference "appcenter-sdk-apple" */ = {
			isa = XCRemoteSwiftPackageReference;
			repositoryURL = "https://github.com/microsoft/appcenter-sdk-apple.git";
			requirement = {
				kind = upToNextMajorVersion;
				minimumVersion = 5.0.0;
			};
		};
/* End XCRemoteSwiftPackageReference section */

/* Begin XCSwiftPackageProductDependency section */
		3F4C0C962AFE6BDD0082534F /* AppCenterAnalytics */ = {
			isa = XCSwiftPackageProductDependency;
			package = 3F4C0C952AFE6BDD0082534F /* XCRemoteSwiftPackageReference "appcenter-sdk-apple" */;
			productName = AppCenterAnalytics;
		};
		3F4C0C982AFE6BDD0082534F /* AppCenterCrashes */ = {
			isa = XCSwiftPackageProductDependency;
			package = 3F4C0C952AFE6BDD0082534F /* XCRemoteSwiftPackageReference "appcenter-sdk-apple" */;
			productName = AppCenterCrashes;
		};
		3F4C0C9A2AFE6BDD0082534F /* AppCenterDistribute */ = {
			isa = XCSwiftPackageProductDependency;
			package = 3F4C0C952AFE6BDD0082534F /* XCRemoteSwiftPackageReference "appcenter-sdk-apple" */;
			productName = AppCenterDistribute;
		};
/* End XCSwiftPackageProductDependency section */
	};
	rootObject = 3F3904772AF164B50037BC66 /* Project object */;
}
